
Microsoft Visual Studio Solution File, Format Version 12.00
# Visual Studio Version 16
VisualStudioVersion = 16.0.29613.14
MinimumVisualStudioVersion = 10.0.40219.1
Project("{FAE04EC0-301F-11D3-BF4B-00C04F79EFBC}") = "Operations", "ClassLibrary1\Operations.csproj", "{B8015EC3-66CE-4755-BBA8-45706B684DA1}"
EndProject
Global
	GlobalSection(SolutionConfigurationPlatforms) = preSolution
		Debug|Any CPU = Debug|Any CPU
		Release|Any CPU = Release|Any CPU
	EndGlobalSection
	GlobalSection(ProjectConfigurationPlatforms) = postSolution
		{B8015EC3-66CE-4755-BBA8-45706B684DA1}.Debug|Any CPU.ActiveCfg = Debug|Any CPU
		{B8015EC3-66CE-4755-BBA8-45706B684DA1}.Debug|Any CPU.Build.0 = Debug|Any CPU
		{B8015EC3-66CE-4755-BBA8-45706B684DA1}.Release|Any CPU.ActiveCfg = Release|Any CPU
		{B8015EC3-66CE-4755-BBA8-45706B684DA1}.Release|Any CPU.Build.0 = Release|Any CPU
	EndGlobalSection
	GlobalSection(SolutionProperties) = preSolution
		HideSolutionNode = FALSE
	EndGlobalSection
	GlobalSection(ExtensibilityGlobals) = postSolution
		SolutionGuid = {4CF10B21-1209-4491-AC5F-C0C5903123B4}
	EndGlobalSection
EndGlobal
